
Microsoft Visual Studio Solution File, Format Version 12.00
# Visual Studio 2013
Project("{FAE04EC0-301F-11D3-BF4B-00C04F79EFBC}") = "HugoWorld", "HugoWorld.csproj", "{306074A2-7150-43EB-8A5A-84E8ED210502}"
EndProject
Global
	GlobalSection(SolutionConfigurationPlatforms) = preSolution
		Debug|Any CPU = Debug|Any CPU
		Release|Any CPU = Release|Any CPU
	EndGlobalSection
	GlobalSection(ProjectConfigurationPlatforms) = postSolution
		{306074A2-7150-43EB-8A5A-84E8ED210502}.Debug|Any CPU.ActiveCfg = Debug|Any CPU
		{306074A2-7150-43EB-8A5A-84E8ED210502}.Debug|Any CPU.Build.0 = Debug|Any CPU
		{306074A2-7150-43EB-8A5A-84E8ED210502}.Release|Any CPU.ActiveCfg = Release|Any CPU
		{306074A2-7150-43EB-8A5A-84E8ED210502}.Release|Any CPU.Build.0 = Release|Any CPU
	EndGlobalSection
	GlobalSection(SolutionProperties) = preSolution
		HideSolutionNode = FALSE
	EndGlobalSection
EndGlobal
